{
  "version": 4,
  "terraform_version": "1.14.5",
  "serial": 1,
  "lineage": "3c785550-2b53-3f13-50a2-a871ef85a3c1",
  "outputs": {},
  "resources": [
    {
      "mode": "managed",
      "type": "aws_vpc",
      "name": "MyVpc",
      "provider": "provider[\"registry.terraform.io/hashicorp/aws\"]",
      "instances": [
        {
          "schema_version": 1,
          "attributes": {
            "arn": "arn:aws:ec2:eu-north-1:243776186628:vpc/vpc-0d2c0c68532f028fd",
            "assign_generated_ipv6_cidr_block": false,
            "cidr_block": "10.0.0.0/16",
            "default_network_acl_id": "acl-069cb402b80ca27d9",
            "default_route_table_id": "rtb-01d07dd21ccbc1745",
            "default_security_group_id": "sg-0a9afad79110a5123",
            "dhcp_options_id": "dopt-0a11a065165e1c66f",
            "enable_dns_hostnames": false,
            "enable_dns_support": true,
            "enable_network_address_usage_metrics": false,
            "id": "vpc-0d2c0c68532f028fd",
            "instance_tenancy": "default",
            "ipv4_ipam_pool_id": null,
            "ipv4_netmask_length": null,
            "ipv6_association_id": "",
            "ipv6_cidr_block": "",
            "ipv6_cidr_block_network_border_group": "",
            "ipv6_ipam_pool_id": "",
            "ipv6_netmask_length": 0,
            "main_route_table_id": "rtb-01d07dd21ccbc1745",
            "owner_id": "243776186628",
            "region": "eu-north-1",
            "tags": null,
            "tags_all": {}
          },
          "sensitive_attributes": [],
          "identity_schema_version": 0,
          "identity": {
            "account_id": "243776186628",
            "id": "vpc-0d2c0c68532f028fd",
            "region": "eu-north-1"
          },
          "private": "eyJzY2hlbWFfdmVyc2lvbiI6IjEifQ=="
        }
      ]
    }
  ],
  "check_results": null
}
